<?xml version="1.0" encoding="utf-8"?>
<Project ToolsVersion="17.0" xmlns="http://schemas.microsoft.com/developer/msbuild/2003">
  <ItemGroup>
    <ClCompile Include="C:\Users\sebas\OneDrive - Universite De Technologie De Belfort-Montbeliard\8. BR04\TO54\Lib-Code Source\LIB RENDU\libiec61850-1.5\examples\server_example_threadless\server_example_threadless.c">
      <Filter>Source Files</Filter>
    </ClCompile>
    <ClCompile Include="C:\Users\sebas\OneDrive - Universite De Technologie De Belfort-Montbeliard\8. BR04\TO54\Lib-Code Source\LIB RENDU\libiec61850-1.5\examples\server_example_threadless\static_model.c">
      <Filter>Source Files</Filter>
    </ClCompile>
  </ItemGroup>
  <ItemGroup>
    <CustomBuild Include="C:\Users\sebas\OneDrive - Universite De Technologie De Belfort-Montbeliard\8. BR04\TO54\Lib-Code Source\LIB RENDU\libiec61850-1.5\examples\server_example_threadless\CMakeLists.txt" />
  </ItemGroup>
  <ItemGroup>
    <Filter Include="Source Files">
      <UniqueIdentifier>{14CD2C49-A5EE-344B-B72A-2510AC7C4EDA}</UniqueIdentifier>
    </Filter>
  </ItemGroup>
</Project>
