
Microsoft Visual Studio Solution File, Format Version 12.00
# Visual Studio Version 17
VisualStudioVersion = 17.1.32328.378
MinimumVisualStudioVersion = 10.0.40219.1
Project("{9A19103F-16F7-4668-BE54-9A1E7A4F7556}") = "IHM", "IHM.csproj", "{A9F57BCB-29B9-4F11-898E-032E93D0E47B}"
EndProject
Global
	GlobalSection(SolutionConfigurationPlatforms) = preSolution
		Debug|Any CPU = Debug|Any CPU
		Release|Any CPU = Release|Any CPU
	EndGlobalSection
	GlobalSection(ProjectConfigurationPlatforms) = postSolution
		{A9F57BCB-29B9-4F11-898E-032E93D0E47B}.Debug|Any CPU.ActiveCfg = Debug|Any CPU
		{A9F57BCB-29B9-4F11-898E-032E93D0E47B}.Debug|Any CPU.Build.0 = Debug|Any CPU
		{A9F57BCB-29B9-4F11-898E-032E93D0E47B}.Release|Any CPU.ActiveCfg = Release|Any CPU
		{A9F57BCB-29B9-4F11-898E-032E93D0E47B}.Release|Any CPU.Build.0 = Release|Any CPU
	EndGlobalSection
	GlobalSection(SolutionProperties) = preSolution
		HideSolutionNode = FALSE
	EndGlobalSection
	GlobalSection(ExtensibilityGlobals) = postSolution
		SolutionGuid = {7860AB5D-6E21-4DE8-9DAF-742B9EBDB738}
	EndGlobalSection
EndGlobal
