<?xml version="1.0" encoding="utf-8"?>
<Project ToolsVersion="17.0" xmlns="http://schemas.microsoft.com/developer/msbuild/2003">
  <ItemGroup>
    <ClCompile Include="C:\Users\sebas\OneDrive - Universite De Technologie De Belfort-Montbeliard\8. BR04\TO54\Lib-Code Source\LIB RENDU\libiec61850-1.5\hal\socket\win32\socket_win32.c">
      <Filter>Source Files</Filter>
    </ClCompile>
    <ClCompile Include="C:\Users\sebas\OneDrive - Universite De Technologie De Belfort-Montbeliard\8. BR04\TO54\Lib-Code Source\LIB RENDU\libiec61850-1.5\hal\thread\win32\thread_win32.c">
      <Filter>Source Files</Filter>
    </ClCompile>
    <ClCompile Include="C:\Users\sebas\OneDrive - Universite De Technologie De Belfort-Montbeliard\8. BR04\TO54\Lib-Code Source\LIB RENDU\libiec61850-1.5\hal\filesystem\win32\file_provider_win32.c">
      <Filter>Source Files</Filter>
    </ClCompile>
    <ClCompile Include="C:\Users\sebas\OneDrive - Universite De Technologie De Belfort-Montbeliard\8. BR04\TO54\Lib-Code Source\LIB RENDU\libiec61850-1.5\hal\time\win32\time.c">
      <Filter>Source Files</Filter>
    </ClCompile>
    <ClCompile Include="C:\Users\sebas\OneDrive - Universite De Technologie De Belfort-Montbeliard\8. BR04\TO54\Lib-Code Source\LIB RENDU\libiec61850-1.5\hal\serial\win32\serial_port_win32.c">
      <Filter>Source Files</Filter>
    </ClCompile>
    <ClCompile Include="C:\Users\sebas\OneDrive - Universite De Technologie De Belfort-Montbeliard\8. BR04\TO54\Lib-Code Source\LIB RENDU\libiec61850-1.5\hal\memory\lib_memory.c">
      <Filter>Source Files</Filter>
    </ClCompile>
    <ClCompile Include="C:\Users\sebas\OneDrive - Universite De Technologie De Belfort-Montbeliard\8. BR04\TO54\Lib-Code Source\LIB RENDU\libiec61850-1.5\hal\ethernet\win32\ethernet_win32.c">
      <Filter>Source Files</Filter>
    </ClCompile>
  </ItemGroup>
  <ItemGroup>
    <CustomBuild Include="C:\Users\sebas\OneDrive - Universite De Technologie De Belfort-Montbeliard\8. BR04\TO54\Lib-Code Source\LIB RENDU\libiec61850-1.5\hal\CMakeLists.txt" />
  </ItemGroup>
  <ItemGroup>
    <Filter Include="Source Files">
      <UniqueIdentifier>{14CD2C49-A5EE-344B-B72A-2510AC7C4EDA}</UniqueIdentifier>
    </Filter>
  </ItemGroup>
</Project>
